
Microsoft Visual Studio Solution File, Format Version 12.00
# Visual Studio Version 17
VisualStudioVersion = 17.3.32825.248
MinimumVisualStudioVersion = 10.0.40219.1
Project("{9A19103F-16F7-4668-BE54-9A1E7A4F7556}") = "Brimborium.Werkzeugkasten.Library", "Brimborium.Werkzeugkasten.Library\Brimborium.Werkzeugkasten.Library.csproj", "{16738352-D1D6-409A-BB8D-24BD365F2A19}"
EndProject
Project("{9A19103F-16F7-4668-BE54-9A1E7A4F7556}") = "Brimborium.Werkzeugkasten.App", "Brimborium.Werkzeugkasten.App\Brimborium.Werkzeugkasten.App.csproj", "{A6E9AD8D-D43C-42E3-A707-B4E2E4643070}"
EndProject
Project("{9A19103F-16F7-4668-BE54-9A1E7A4F7556}") = "Brimborium.Werkzeugkasten.Powershell", "Brimborium.Werkzeugkasten.Powershell\Brimborium.Werkzeugkasten.Powershell.csproj", "{01DD1DE1-0D3D-4E91-BFEB-0E4752BE39C4}"
EndProject
Project("{2150E333-8FDC-42A3-9474-1A3956D46DE8}") = "external", "external", "{3F511EA2-5694-41B8-9A03-CC519D1E8DB5}"
EndProject
Project("{9A19103F-16F7-4668-BE54-9A1E7A4F7556}") = "Brimborium.Registrator.Abstractions", "..\Brimborium.Net\Brimborium.Registrator\Brimborium.Registrator.Abstractions\Brimborium.Registrator.Abstractions.csproj", "{3D60B0A3-2BFD-470C-ABB6-0EFAA52EBC7F}"
EndProject
Project("{9A19103F-16F7-4668-BE54-9A1E7A4F7556}") = "Brimborium.Registrator", "..\Brimborium.Net\Brimborium.Registrator\Brimborium.Registrator\Brimborium.Registrator.csproj", "{2EE5D512-27C3-4DA5-AD74-5B08BC0AECD1}"
EndProject
Project("{9A19103F-16F7-4668-BE54-9A1E7A4F7556}") = "Brimborium.ReadMetadataWerkzeug", "Brimborium.ReadMetadataWerkzeug\Brimborium.ReadMetadataWerkzeug.csproj", "{3E9C1CD6-199B-498C-88C7-D0483025E009}"
EndProject
Project("{FAE04EC0-301F-11D3-BF4B-00C04F79EFBC}") = "Brimborium.WhoAmIWerkzeug", "Brimborium.WhoAmIWerkzeug\Brimborium.WhoAmIWerkzeug.csproj", "{5197BE22-39E7-465F-9418-D08923985BEC}"
EndProject
Global
	GlobalSection(SolutionConfigurationPlatforms) = preSolution
		Debug|Any CPU = Debug|Any CPU
		Release|Any CPU = Release|Any CPU
	EndGlobalSection
	GlobalSection(ProjectConfigurationPlatforms) = postSolution
		{16738352-D1D6-409A-BB8D-24BD365F2A19}.Debug|Any CPU.ActiveCfg = Debug|Any CPU
		{16738352-D1D6-409A-BB8D-24BD365F2A19}.Debug|Any CPU.Build.0 = Debug|Any CPU
		{16738352-D1D6-409A-BB8D-24BD365F2A19}.Release|Any CPU.ActiveCfg = Release|Any CPU
		{16738352-D1D6-409A-BB8D-24BD365F2A19}.Release|Any CPU.Build.0 = Release|Any CPU
		{A6E9AD8D-D43C-42E3-A707-B4E2E4643070}.Debug|Any CPU.ActiveCfg = Debug|Any CPU
		{A6E9AD8D-D43C-42E3-A707-B4E2E4643070}.Debug|Any CPU.Build.0 = Debug|Any CPU
		{A6E9AD8D-D43C-42E3-A707-B4E2E4643070}.Release|Any CPU.ActiveCfg = Release|Any CPU
		{A6E9AD8D-D43C-42E3-A707-B4E2E4643070}.Release|Any CPU.Build.0 = Release|Any CPU
		{01DD1DE1-0D3D-4E91-BFEB-0E4752BE39C4}.Debug|Any CPU.ActiveCfg = Debug|Any CPU
		{01DD1DE1-0D3D-4E91-BFEB-0E4752BE39C4}.Debug|Any CPU.Build.0 = Debug|Any CPU
		{01DD1DE1-0D3D-4E91-BFEB-0E4752BE39C4}.Release|Any CPU.ActiveCfg = Release|Any CPU
		{01DD1DE1-0D3D-4E91-BFEB-0E4752BE39C4}.Release|Any CPU.Build.0 = Release|Any CPU
		{3D60B0A3-2BFD-470C-ABB6-0EFAA52EBC7F}.Debug|Any CPU.ActiveCfg = Debug|Any CPU
		{3D60B0A3-2BFD-470C-ABB6-0EFAA52EBC7F}.Debug|Any CPU.Build.0 = Debug|Any CPU
		{3D60B0A3-2BFD-470C-ABB6-0EFAA52EBC7F}.Release|Any CPU.ActiveCfg = Release|Any CPU
		{3D60B0A3-2BFD-470C-ABB6-0EFAA52EBC7F}.Release|Any CPU.Build.0 = Release|Any CPU
		{2EE5D512-27C3-4DA5-AD74-5B08BC0AECD1}.Debug|Any CPU.ActiveCfg = Debug|Any CPU
		{2EE5D512-27C3-4DA5-AD74-5B08BC0AECD1}.Debug|Any CPU.Build.0 = Debug|Any CPU
		{2EE5D512-27C3-4DA5-AD74-5B08BC0AECD1}.Release|Any CPU.ActiveCfg = Release|Any CPU
		{2EE5D512-27C3-4DA5-AD74-5B08BC0AECD1}.Release|Any CPU.Build.0 = Release|Any CPU
		{3E9C1CD6-199B-498C-88C7-D0483025E009}.Debug|Any CPU.ActiveCfg = Debug|Any CPU
		{3E9C1CD6-199B-498C-88C7-D0483025E009}.Debug|Any CPU.Build.0 = Debug|Any CPU
		{3E9C1CD6-199B-498C-88C7-D0483025E009}.Release|Any CPU.ActiveCfg = Release|Any CPU
		{3E9C1CD6-199B-498C-88C7-D0483025E009}.Release|Any CPU.Build.0 = Release|Any CPU
		{5197BE22-39E7-465F-9418-D08923985BEC}.Debug|Any CPU.ActiveCfg = Debug|Any CPU
		{5197BE22-39E7-465F-9418-D08923985BEC}.Debug|Any CPU.Build.0 = Debug|Any CPU
		{5197BE22-39E7-465F-9418-D08923985BEC}.Release|Any CPU.ActiveCfg = Release|Any CPU
		{5197BE22-39E7-465F-9418-D08923985BEC}.Release|Any CPU.Build.0 = Release|Any CPU
	EndGlobalSection
	GlobalSection(SolutionProperties) = preSolution
		HideSolutionNode = FALSE
	EndGlobalSection
	GlobalSection(NestedProjects) = preSolution
		{3D60B0A3-2BFD-470C-ABB6-0EFAA52EBC7F} = {3F511EA2-5694-41B8-9A03-CC519D1E8DB5}
		{2EE5D512-27C3-4DA5-AD74-5B08BC0AECD1} = {3F511EA2-5694-41B8-9A03-CC519D1E8DB5}
	EndGlobalSection
	GlobalSection(ExtensibilityGlobals) = postSolution
		SolutionGuid = {306DA146-7528-4719-909F-C713102A61A7}
	EndGlobalSection
EndGlobal
